
Microsoft Visual Studio Solution File, Format Version 12.00
# Visual Studio Version 17
VisualStudioVersion = 17.10.35122.118
MinimumVisualStudioVersion = 10.0.40219.1
Project("{FAE04EC0-301F-11D3-BF4B-00C04F79EFBC}") = "BackendExamHub", "BackendExamHub.csproj", "{37826391-3647-4572-BD4C-115BA8B01D0E}"
EndProject
Global
	GlobalSection(SolutionConfigurationPlatforms) = preSolution
		Debug|Any CPU = Debug|Any CPU
		Release|Any CPU = Release|Any CPU
	EndGlobalSection
	GlobalSection(ProjectConfigurationPlatforms) = postSolution
		{37826391-3647-4572-BD4C-115BA8B01D0E}.Debug|Any CPU.ActiveCfg = Debug|Any CPU
		{37826391-3647-4572-BD4C-115BA8B01D0E}.Debug|Any CPU.Build.0 = Debug|Any CPU
		{37826391-3647-4572-BD4C-115BA8B01D0E}.Release|Any CPU.ActiveCfg = Release|Any CPU
		{37826391-3647-4572-BD4C-115BA8B01D0E}.Release|Any CPU.Build.0 = Release|Any CPU
	EndGlobalSection
	GlobalSection(SolutionProperties) = preSolution
		HideSolutionNode = FALSE
	EndGlobalSection
	GlobalSection(ExtensibilityGlobals) = postSolution
		SolutionGuid = {F610886F-B976-4AA3-908B-60B9050DD501}
	EndGlobalSection
EndGlobal
